
Microsoft Visual Studio Solution File, Format Version 12.00
# Visual Studio Version 17
VisualStudioVersion = 17.0.32126.317
MinimumVisualStudioVersion = 10.0.40219.1
Project("{FAE04EC0-301F-11D3-BF4B-00C04F79EFBC}") = "MovieLibrary", "MovieLibrary\MovieLibrary.csproj", "{989E5EF1-2DFA-4C73-BE0C-491A7649C4F7}"
EndProject
Project("{FAE04EC0-301F-11D3-BF4B-00C04F79EFBC}") = "MovieLibrary.Core", "MovieLibrary.Core\MovieLibrary.Core.csproj", "{56BF83A0-F511-49CE-9D37-CCF9945ED1D6}"
EndProject
Project("{FAE04EC0-301F-11D3-BF4B-00C04F79EFBC}") = "MovieLibrary.Infrastructure", "MovieLibrary.Interface\MovieLibrary.Infrastructure.csproj", "{A1A0CB12-DA8B-4A89-BAFF-B52CDCE5BE7B}"
EndProject
Global
	GlobalSection(SolutionConfigurationPlatforms) = preSolution
		Debug|Any CPU = Debug|Any CPU
		Release|Any CPU = Release|Any CPU
	EndGlobalSection
	GlobalSection(ProjectConfigurationPlatforms) = postSolution
		{989E5EF1-2DFA-4C73-BE0C-491A7649C4F7}.Debug|Any CPU.ActiveCfg = Debug|Any CPU
		{989E5EF1-2DFA-4C73-BE0C-491A7649C4F7}.Debug|Any CPU.Build.0 = Debug|Any CPU
		{989E5EF1-2DFA-4C73-BE0C-491A7649C4F7}.Release|Any CPU.ActiveCfg = Release|Any CPU
		{989E5EF1-2DFA-4C73-BE0C-491A7649C4F7}.Release|Any CPU.Build.0 = Release|Any CPU
		{56BF83A0-F511-49CE-9D37-CCF9945ED1D6}.Debug|Any CPU.ActiveCfg = Debug|Any CPU
		{56BF83A0-F511-49CE-9D37-CCF9945ED1D6}.Debug|Any CPU.Build.0 = Debug|Any CPU
		{56BF83A0-F511-49CE-9D37-CCF9945ED1D6}.Release|Any CPU.ActiveCfg = Release|Any CPU
		{56BF83A0-F511-49CE-9D37-CCF9945ED1D6}.Release|Any CPU.Build.0 = Release|Any CPU
		{A1A0CB12-DA8B-4A89-BAFF-B52CDCE5BE7B}.Debug|Any CPU.ActiveCfg = Debug|Any CPU
		{A1A0CB12-DA8B-4A89-BAFF-B52CDCE5BE7B}.Debug|Any CPU.Build.0 = Debug|Any CPU
		{A1A0CB12-DA8B-4A89-BAFF-B52CDCE5BE7B}.Release|Any CPU.ActiveCfg = Release|Any CPU
		{A1A0CB12-DA8B-4A89-BAFF-B52CDCE5BE7B}.Release|Any CPU.Build.0 = Release|Any CPU
	EndGlobalSection
	GlobalSection(SolutionProperties) = preSolution
		HideSolutionNode = FALSE
	EndGlobalSection
	GlobalSection(ExtensibilityGlobals) = postSolution
		SolutionGuid = {9E7AA961-9160-41E9-AD3D-7DE953626B8A}
	EndGlobalSection
EndGlobal
